
Microsoft Visual Studio Solution File, Format Version 12.00
# Visual Studio Version 16
VisualStudioVersion = 16.0.30907.101
MinimumVisualStudioVersion = 10.0.40219.1
Project("{FAE04EC0-301F-11D3-BF4B-00C04F79EFBC}") = "WebCourses", "WebCourses\WebCourses.csproj", "{4A3AD0CF-A478-4E31-A656-72E254FC550D}"
EndProject
Project("{FAE04EC0-301F-11D3-BF4B-00C04F79EFBC}") = "DataAccess", "DataAccess\DataAccess.csproj", "{6096AAA3-4A3D-492A-A766-34F492F0E2EF}"
EndProject
Project("{FAE04EC0-301F-11D3-BF4B-00C04F79EFBC}") = "EntityDTO", "EntityDTO\EntityDTO.csproj", "{8A47BAAF-9FC5-42C5-9B74-C8247EC5766E}"
EndProject
Project("{FAE04EC0-301F-11D3-BF4B-00C04F79EFBC}") = "Services", "Services\Services.csproj", "{EEBDA8EF-A26C-49FD-AC96-9E7605CD453D}"
EndProject
Project("{FAE04EC0-301F-11D3-BF4B-00C04F79EFBC}") = "Models", "Models\Models.csproj", "{B9CA03B1-3100-416C-B1DF-3A2562943284}"
EndProject
Global
	GlobalSection(SolutionConfigurationPlatforms) = preSolution
		Debug|Any CPU = Debug|Any CPU
		Release|Any CPU = Release|Any CPU
	EndGlobalSection
	GlobalSection(ProjectConfigurationPlatforms) = postSolution
		{4A3AD0CF-A478-4E31-A656-72E254FC550D}.Debug|Any CPU.ActiveCfg = Debug|Any CPU
		{4A3AD0CF-A478-4E31-A656-72E254FC550D}.Debug|Any CPU.Build.0 = Debug|Any CPU
		{4A3AD0CF-A478-4E31-A656-72E254FC550D}.Release|Any CPU.ActiveCfg = Release|Any CPU
		{4A3AD0CF-A478-4E31-A656-72E254FC550D}.Release|Any CPU.Build.0 = Release|Any CPU
		{6096AAA3-4A3D-492A-A766-34F492F0E2EF}.Debug|Any CPU.ActiveCfg = Debug|Any CPU
		{6096AAA3-4A3D-492A-A766-34F492F0E2EF}.Debug|Any CPU.Build.0 = Debug|Any CPU
		{6096AAA3-4A3D-492A-A766-34F492F0E2EF}.Release|Any CPU.ActiveCfg = Release|Any CPU
		{6096AAA3-4A3D-492A-A766-34F492F0E2EF}.Release|Any CPU.Build.0 = Release|Any CPU
		{8A47BAAF-9FC5-42C5-9B74-C8247EC5766E}.Debug|Any CPU.ActiveCfg = Debug|Any CPU
		{8A47BAAF-9FC5-42C5-9B74-C8247EC5766E}.Debug|Any CPU.Build.0 = Debug|Any CPU
		{8A47BAAF-9FC5-42C5-9B74-C8247EC5766E}.Release|Any CPU.ActiveCfg = Release|Any CPU
		{8A47BAAF-9FC5-42C5-9B74-C8247EC5766E}.Release|Any CPU.Build.0 = Release|Any CPU
		{EEBDA8EF-A26C-49FD-AC96-9E7605CD453D}.Debug|Any CPU.ActiveCfg = Debug|Any CPU
		{EEBDA8EF-A26C-49FD-AC96-9E7605CD453D}.Debug|Any CPU.Build.0 = Debug|Any CPU
		{EEBDA8EF-A26C-49FD-AC96-9E7605CD453D}.Release|Any CPU.ActiveCfg = Release|Any CPU
		{EEBDA8EF-A26C-49FD-AC96-9E7605CD453D}.Release|Any CPU.Build.0 = Release|Any CPU
		{B9CA03B1-3100-416C-B1DF-3A2562943284}.Debug|Any CPU.ActiveCfg = Debug|Any CPU
		{B9CA03B1-3100-416C-B1DF-3A2562943284}.Debug|Any CPU.Build.0 = Debug|Any CPU
		{B9CA03B1-3100-416C-B1DF-3A2562943284}.Release|Any CPU.ActiveCfg = Release|Any CPU
		{B9CA03B1-3100-416C-B1DF-3A2562943284}.Release|Any CPU.Build.0 = Release|Any CPU
	EndGlobalSection
	GlobalSection(SolutionProperties) = preSolution
		HideSolutionNode = FALSE
	EndGlobalSection
	GlobalSection(ExtensibilityGlobals) = postSolution
		SolutionGuid = {065D61CA-8AF2-4B3D-9224-9403DFA1C3E2}
	EndGlobalSection
EndGlobal
